<?xml version="1.0" encoding="utf-8"?>
<Project ToolsVersion="4.0" xmlns="http://schemas.microsoft.com/developer/msbuild/2003">
  <ItemGroup>
    <ClCompile Include="Main.cpp" />
    <ClCompile Include="Program.cpp" />
    <ClCompile Include="Events\Event.cpp" />
    <ClCompile Include="Events\IEventDispatcher.cpp" />
    <ClCompile Include="Graphics\GraphicsSystem.cpp" />
    <ClCompile Include="Graphics\Window.cpp" />
  </ItemGroup>
  <ItemGroup>
    <None Include="Makefile" />
  </ItemGroup>
  <ItemGroup>
    <ClInclude Include="Program.h" />
    <ClInclude Include="Audio\Audio.h" />
    <ClInclude Include="Events\Callbacks.h" />
    <ClInclude Include="Events\Delegate.h" />
    <ClInclude Include="Events\Event.h" />
    <ClInclude Include="Events\IEventDispatcher.h" />
    <ClInclude Include="Graphics\Graphics.h" />
    <ClInclude Include="Graphics\GraphicsSystem.h" />
    <ClInclude Include="Input\Input.h" />
    <ClInclude Include="Graphics\Window.h" />
  </ItemGroup>
</Project>